// !$*UTF8*$!
{
	archiveVersion = 1;
	classes = {
	};
	objectVersion = 56;
	objects = {

/* Begin PBXBuildFile section */
		054FCBC92B21AD9600A5AA4B /* EristicApp.swift in Sources */ = {isa = PBXBuildFile; fileRef = 054FCBC82B21AD9600A5AA4B /* EristicApp.swift */; };
		054FCBCB2B21AD9600A5AA4B /* ContentView.swift in Sources */ = {isa = PBXBuildFile; fileRef = 054FCBCA2B21AD9600A5AA4B /* ContentView.swift */; };
		054FCBCD2B21AD9700A5AA4B /* Assets.xcassets in Resources */ = {isa = PBXBuildFile; fileRef = 054FCBCC2B21AD9700A5AA4B /* Assets.xcassets */; };
		054FCBD02B21AD9700A5AA4B /* Preview Assets.xcassets in Resources */ = {isa = PBXBuildFile; fileRef = 054FCBCF2B21AD9700A5AA4B /* Preview Assets.xcassets */; };
		054FCBDC2B21AE8200A5AA4B /* CoverFlowItemView.swift in Sources */ = {isa = PBXBuildFile; fileRef = 054FCBDB2B21AE8200A5AA4B /* CoverFlowItemView.swift */; };
		054FCBDE2B21B2BA00A5AA4B /* CoverFlowView.swift in Sources */ = {isa = PBXBuildFile; fileRef = 054FCBDD2B21B2BA00A5AA4B /* CoverFlowView.swift */; };
		054FCBE02B21B2E300A5AA4B /* FallaciesView.swift in Sources */ = {isa = PBXBuildFile; fileRef = 054FCBDF2B21B2E300A5AA4B /* FallaciesView.swift */; };
		054FCBE22B21B2FE00A5AA4B /* FallacyDetailsView.swift in Sources */ = {isa = PBXBuildFile; fileRef = 054FCBE12B21B2FE00A5AA4B /* FallacyDetailsView.swift */; };
		054FCBE42B21B34A00A5AA4B /* CardsStackView.swift in Sources */ = {isa = PBXBuildFile; fileRef = 054FCBE32B21B34A00A5AA4B /* CardsStackView.swift */; };
		054FCBE62B21B37000A5AA4B /* CardView.swift in Sources */ = {isa = PBXBuildFile; fileRef = 054FCBE52B21B37000A5AA4B /* CardView.swift */; };
		054FCBE82B21B39400A5AA4B /* SwipeView.swift in Sources */ = {isa = PBXBuildFile; fileRef = 054FCBE72B21B39400A5AA4B /* SwipeView.swift */; };
		054FCBEA2B21B3CB00A5AA4B /* OptionsGridView.swift in Sources */ = {isa = PBXBuildFile; fileRef = 054FCBE92B21B3CB00A5AA4B /* OptionsGridView.swift */; };
		054FCBEC2B21B3E800A5AA4B /* QuizCompletedView.swift in Sources */ = {isa = PBXBuildFile; fileRef = 054FCBEB2B21B3E800A5AA4B /* QuizCompletedView.swift */; };
		054FCBEE2B21B41100A5AA4B /* QuizView.swift in Sources */ = {isa = PBXBuildFile; fileRef = 054FCBED2B21B41100A5AA4B /* QuizView.swift */; };
		054FCBF02B21B44700A5AA4B /* ReusableText.swift in Sources */ = {isa = PBXBuildFile; fileRef = 054FCBEF2B21B44700A5AA4B /* ReusableText.swift */; };
		054FCBF22B21B4A100A5AA4B /* UserModel.swift in Sources */ = {isa = PBXBuildFile; fileRef = 054FCBF12B21B4A100A5AA4B /* UserModel.swift */; };
		054FCBF42B21B4F700A5AA4B /* FallacyDetailesModel.swift in Sources */ = {isa = PBXBuildFile; fileRef = 054FCBF32B21B4F700A5AA4B /* FallacyDetailesModel.swift */; };
		054FCBF62B21B52900A5AA4B /* GameManagerVM.swift in Sources */ = {isa = PBXBuildFile; fileRef = 054FCBF52B21B52900A5AA4B /* GameManagerVM.swift */; };
		054FCBF82B21B55200A5AA4B /* QuizModel.swift in Sources */ = {isa = PBXBuildFile; fileRef = 054FCBF72B21B55200A5AA4B /* QuizModel.swift */; };
		054FCBFA2B21B58F00A5AA4B /* StateModel.swift in Sources */ = {isa = PBXBuildFile; fileRef = 054FCBF92B21B58F00A5AA4B /* StateModel.swift */; };
		054FCBFC2B21B5E500A5AA4B /* AuthenticationManager.swift in Sources */ = {isa = PBXBuildFile; fileRef = 054FCBFB2B21B5E500A5AA4B /* AuthenticationManager.swift */; };
/* End PBXBuildFile section */

/* Begin PBXFileReference section */
		054FCBC52B21AD9600A5AA4B /* Eristic.app */ = {isa = PBXFileReference; explicitFileType = wrapper.application; includeInIndex = 0; path = Eristic.app; sourceTree = BUILT_PRODUCTS_DIR; };
		054FCBC82B21AD9600A5AA4B /* EristicApp.swift */ = {isa = PBXFileReference; lastKnownFileType = sourcecode.swift; path = EristicApp.swift; sourceTree = "<group>"; };
		054FCBCA2B21AD9600A5AA4B /* ContentView.swift */ = {isa = PBXFileReference; lastKnownFileType = sourcecode.swift; path = ContentView.swift; sourceTree = "<group>"; };
		054FCBCC2B21AD9700A5AA4B /* Assets.xcassets */ = {isa = PBXFileReference; lastKnownFileType = folder.assetcatalog; path = Assets.xcassets; sourceTree = "<group>"; };
		054FCBCF2B21AD9700A5AA4B /* Preview Assets.xcassets */ = {isa = PBXFileReference; lastKnownFileType = folder.assetcatalog; path = "Preview Assets.xcassets"; sourceTree = "<group>"; };
		054FCBDB2B21AE8200A5AA4B /* CoverFlowItemView.swift */ = {isa = PBXFileReference; lastKnownFileType = sourcecode.swift; path = CoverFlowItemView.swift; sourceTree = "<group>"; };
		054FCBDD2B21B2BA00A5AA4B /* CoverFlowView.swift */ = {isa = PBXFileReference; lastKnownFileType = sourcecode.swift; path = CoverFlowView.swift; sourceTree = "<group>"; };
		054FCBDF2B21B2E300A5AA4B /* FallaciesView.swift */ = {isa = PBXFileReference; lastKnownFileType = sourcecode.swift; path = FallaciesView.swift; sourceTree = "<group>"; };
		054FCBE12B21B2FE00A5AA4B /* FallacyDetailsView.swift */ = {isa = PBXFileReference; lastKnownFileType = sourcecode.swift; path = FallacyDetailsView.swift; sourceTree = "<group>"; };
		054FCBE32B21B34A00A5AA4B /* CardsStackView.swift */ = {isa = PBXFileReference; lastKnownFileType = sourcecode.swift; path = CardsStackView.swift; sourceTree = "<group>"; };
		054FCBE52B21B37000A5AA4B /* CardView.swift */ = {isa = PBXFileReference; lastKnownFileType = sourcecode.swift; path = CardView.swift; sourceTree = "<group>"; };
		054FCBE72B21B39400A5AA4B /* SwipeView.swift */ = {isa = PBXFileReference; lastKnownFileType = sourcecode.swift; path = SwipeView.swift; sourceTree = "<group>"; };
		054FCBE92B21B3CB00A5AA4B /* OptionsGridView.swift */ = {isa = PBXFileReference; lastKnownFileType = sourcecode.swift; path = OptionsGridView.swift; sourceTree = "<group>"; };
		054FCBEB2B21B3E800A5AA4B /* QuizCompletedView.swift */ = {isa = PBXFileReference; lastKnownFileType = sourcecode.swift; path = QuizCompletedView.swift; sourceTree = "<group>"; };
		054FCBED2B21B41100A5AA4B /* QuizView.swift */ = {isa = PBXFileReference; lastKnownFileType = sourcecode.swift; path = QuizView.swift; sourceTree = "<group>"; };
		054FCBEF2B21B44700A5AA4B /* ReusableText.swift */ = {isa = PBXFileReference; lastKnownFileType = sourcecode.swift; path = ReusableText.swift; sourceTree = "<group>"; };
		054FCBF12B21B4A100A5AA4B /* UserModel.swift */ = {isa = PBXFileReference; lastKnownFileType = sourcecode.swift; path = UserModel.swift; sourceTree = "<group>"; };
		054FCBF32B21B4F700A5AA4B /* FallacyDetailesModel.swift */ = {isa = PBXFileReference; lastKnownFileType = sourcecode.swift; path = FallacyDetailesModel.swift; sourceTree = "<group>"; };
		054FCBF52B21B52900A5AA4B /* GameManagerVM.swift */ = {isa = PBXFileReference; lastKnownFileType = sourcecode.swift; path = GameManagerVM.swift; sourceTree = "<group>"; };
		054FCBF72B21B55200A5AA4B /* QuizModel.swift */ = {isa = PBXFileReference; lastKnownFileType = sourcecode.swift; path = QuizModel.swift; sourceTree = "<group>"; };
		054FCBF92B21B58F00A5AA4B /* StateModel.swift */ = {isa = PBXFileReference; lastKnownFileType = sourcecode.swift; path = StateModel.swift; sourceTree = "<group>"; };
		054FCBFB2B21B5E500A5AA4B /* AuthenticationManager.swift */ = {isa = PBXFileReference; lastKnownFileType = sourcecode.swift; path = AuthenticationManager.swift; sourceTree = "<group>"; };
/* End PBXFileReference section */

/* Begin PBXFrameworksBuildPhase section */
		054FCBC22B21AD9600A5AA4B /* Frameworks */ = {
			isa = PBXFrameworksBuildPhase;
			buildActionMask = 2147483647;
			files = (
			);
			runOnlyForDeploymentPostprocessing = 0;
		};
/* End PBXFrameworksBuildPhase section */

/* Begin PBXGroup section */
		054FCBBC2B21AD9600A5AA4B = {
			isa = PBXGroup;
			children = (
				054FCBC72B21AD9600A5AA4B /* Eristic */,
				054FCBC62B21AD9600A5AA4B /* Products */,
			);
			sourceTree = "<group>";
		};
		054FCBC62B21AD9600A5AA4B /* Products */ = {
			isa = PBXGroup;
			children = (
				054FCBC52B21AD9600A5AA4B /* Eristic.app */,
			);
			name = Products;
			sourceTree = "<group>";
		};
		054FCBC72B21AD9600A5AA4B /* Eristic */ = {
			isa = PBXGroup;
			children = (
				054FCBC82B21AD9600A5AA4B /* EristicApp.swift */,
				054FCBD82B21ADBB00A5AA4B /* Models */,
				054FCBD62B21ADA400A5AA4B /* Views */,
				054FCBDA2B21ADD300A5AA4B /* ViewModels */,
				054FCBCC2B21AD9700A5AA4B /* Assets.xcassets */,
				054FCBCE2B21AD9700A5AA4B /* Preview Content */,
			);
			path = Eristic;
			sourceTree = "<group>";
		};
		054FCBCE2B21AD9700A5AA4B /* Preview Content */ = {
			isa = PBXGroup;
			children = (
				054FCBCF2B21AD9700A5AA4B /* Preview Assets.xcassets */,
			);
			path = "Preview Content";
			sourceTree = "<group>";
		};
		054FCBD62B21ADA400A5AA4B /* Views */ = {
			isa = PBXGroup;
			children = (
				054FCBCA2B21AD9600A5AA4B /* ContentView.swift */,
				054FCBDF2B21B2E300A5AA4B /* FallaciesView.swift */,
				054FCBDB2B21AE8200A5AA4B /* CoverFlowItemView.swift */,
				054FCBDD2B21B2BA00A5AA4B /* CoverFlowView.swift */,
				054FCBE12B21B2FE00A5AA4B /* FallacyDetailsView.swift */,
				054FCBE32B21B34A00A5AA4B /* CardsStackView.swift */,
				054FCBE52B21B37000A5AA4B /* CardView.swift */,
				054FCBE72B21B39400A5AA4B /* SwipeView.swift */,
				054FCBE92B21B3CB00A5AA4B /* OptionsGridView.swift */,
				054FCBEB2B21B3E800A5AA4B /* QuizCompletedView.swift */,
				054FCBED2B21B41100A5AA4B /* QuizView.swift */,
				054FCBEF2B21B44700A5AA4B /* ReusableText.swift */,
			);
			path = Views;
			sourceTree = "<group>";
		};
		054FCBD82B21ADBB00A5AA4B /* Models */ = {
			isa = PBXGroup;
			children = (
				054FCBF92B21B58F00A5AA4B /* StateModel.swift */,
				054FCBF12B21B4A100A5AA4B /* UserModel.swift */,
				054FCBF72B21B55200A5AA4B /* QuizModel.swift */,
				054FCBF32B21B4F700A5AA4B /* FallacyDetailesModel.swift */,
			);
			path = Models;
			sourceTree = "<group>";
		};
		054FCBDA2B21ADD300A5AA4B /* ViewModels */ = {
			isa = PBXGroup;
			children = (
				054FCBF52B21B52900A5AA4B /* GameManagerVM.swift */,
				054FCBFB2B21B5E500A5AA4B /* AuthenticationManager.swift */,
			);
			path = ViewModels;
			sourceTree = "<group>";
		};
/* End PBXGroup section */

/* Begin PBXNativeTarget section */
		054FCBC42B21AD9600A5AA4B /* Eristic */ = {
			isa = PBXNativeTarget;
			buildConfigurationList = 054FCBD32B21AD9700A5AA4B /* Build configuration list for PBXNativeTarget "Eristic" */;
			buildPhases = (
				054FCBC12B21AD9600A5AA4B /* Sources */,
				054FCBC22B21AD9600A5AA4B /* Frameworks */,
				054FCBC32B21AD9600A5AA4B /* Resources */,
			);
			buildRules = (
			);
			dependencies = (
			);
			name = Eristic;
			productName = Eristic;
			productReference = 054FCBC52B21AD9600A5AA4B /* Eristic.app */;
			productType = "com.apple.product-type.application";
		};
/* End PBXNativeTarget section */

/* Begin PBXProject section */
		054FCBBD2B21AD9600A5AA4B /* Project object */ = {
			isa = PBXProject;
			attributes = {
				BuildIndependentTargetsInParallel = 1;
				LastSwiftUpdateCheck = 1500;
				LastUpgradeCheck = 1500;
				TargetAttributes = {
					054FCBC42B21AD9600A5AA4B = {
						CreatedOnToolsVersion = 15.0.1;
					};
				};
			};
			buildConfigurationList = 054FCBC02B21AD9600A5AA4B /* Build configuration list for PBXProject "Eristic" */;
			compatibilityVersion = "Xcode 14.0";
			developmentRegion = en;
			hasScannedForEncodings = 0;
			knownRegions = (
				en,
				Base,
			);
			mainGroup = 054FCBBC2B21AD9600A5AA4B;
			productRefGroup = 054FCBC62B21AD9600A5AA4B /* Products */;
			projectDirPath = "";
			projectRoot = "";
			targets = (
				054FCBC42B21AD9600A5AA4B /* Eristic */,
			);
		};
/* End PBXProject section */

/* Begin PBXResourcesBuildPhase section */
		054FCBC32B21AD9600A5AA4B /* Resources */ = {
			isa = PBXResourcesBuildPhase;
			buildActionMask = 2147483647;
			files = (
				054FCBD02B21AD9700A5AA4B /* Preview Assets.xcassets in Resources */,
				054FCBCD2B21AD9700A5AA4B /* Assets.xcassets in Resources */,
			);
			runOnlyForDeploymentPostprocessing = 0;
		};
/* End PBXResourcesBuildPhase section */

/* Begin PBXSourcesBuildPhase section */
		054FCBC12B21AD9600A5AA4B /* Sources */ = {
			isa = PBXSourcesBuildPhase;
			buildActionMask = 2147483647;
			files = (
				054FCBE02B21B2E300A5AA4B /* FallaciesView.swift in Sources */,
				054FCBDE2B21B2BA00A5AA4B /* CoverFlowView.swift in Sources */,
				054FCBCB2B21AD9600A5AA4B /* ContentView.swift in Sources */,
				054FCBEA2B21B3CB00A5AA4B /* OptionsGridView.swift in Sources */,
				054FCBFC2B21B5E500A5AA4B /* AuthenticationManager.swift in Sources */,
				054FCBC92B21AD9600A5AA4B /* EristicApp.swift in Sources */,
				054FCBEE2B21B41100A5AA4B /* QuizView.swift in Sources */,
				054FCBF62B21B52900A5AA4B /* GameManagerVM.swift in Sources */,
				054FCBF22B21B4A100A5AA4B /* UserModel.swift in Sources */,
				054FCBF42B21B4F700A5AA4B /* FallacyDetailesModel.swift in Sources */,
				054FCBE22B21B2FE00A5AA4B /* FallacyDetailsView.swift in Sources */,
				054FCBDC2B21AE8200A5AA4B /* CoverFlowItemView.swift in Sources */,
				054FCBF82B21B55200A5AA4B /* QuizModel.swift in Sources */,
				054FCBF02B21B44700A5AA4B /* ReusableText.swift in Sources */,
				054FCBFA2B21B58F00A5AA4B /* StateModel.swift in Sources */,
				054FCBE82B21B39400A5AA4B /* SwipeView.swift in Sources */,
				054FCBEC2B21B3E800A5AA4B /* QuizCompletedView.swift in Sources */,
				054FCBE62B21B37000A5AA4B /* CardView.swift in Sources */,
				054FCBE42B21B34A00A5AA4B /* CardsStackView.swift in Sources */,
			);
			runOnlyForDeploymentPostprocessing = 0;
		};
/* End PBXSourcesBuildPhase section */

/* Begin XCBuildConfiguration section */
		054FCBD12B21AD9700A5AA4B /* Debug */ = {
			isa = XCBuildConfiguration;
			buildSettings = {
				ALWAYS_SEARCH_USER_PATHS = NO;
				ASSETCATALOG_COMPILER_GENERATE_SWIFT_ASSET_SYMBOL_EXTENSIONS = YES;
				CLANG_ANALYZER_NONNULL = YES;
				CLANG_ANALYZER_NUMBER_OBJECT_CONVERSION = YES_AGGRESSIVE;
				CLANG_CXX_LANGUAGE_STANDARD = "gnu++20";
				CLANG_ENABLE_MODULES = YES;
				CLANG_ENABLE_OBJC_ARC = YES;
				CLANG_ENABLE_OBJC_WEAK = YES;
				CLANG_WARN_BLOCK_CAPTURE_AUTORELEASING = YES;
				CLANG_WARN_BOOL_CONVERSION = YES;
				CLANG_WARN_COMMA = YES;
				CLANG_WARN_CONSTANT_CONVERSION = YES;
				CLANG_WARN_DEPRECATED_OBJC_IMPLEMENTATIONS = YES;
				CLANG_WARN_DIRECT_OBJC_ISA_USAGE = YES_ERROR;
				CLANG_WARN_DOCUMENTATION_COMMENTS = YES;
				CLANG_WARN_EMPTY_BODY = YES;
				CLANG_WARN_ENUM_CONVERSION = YES;
				CLANG_WARN_INFINITE_RECURSION = YES;
				CLANG_WARN_INT_CONVERSION = YES;
				CLANG_WARN_NON_LITERAL_NULL_CONVERSION = YES;
				CLANG_WARN_OBJC_IMPLICIT_RETAIN_SELF = YES;
				CLANG_WARN_OBJC_LITERAL_CONVERSION = YES;
				CLANG_WARN_OBJC_ROOT_CLASS = YES_ERROR;
				CLANG_WARN_QUOTED_INCLUDE_IN_FRAMEWORK_HEADER = YES;
				CLANG_WARN_RANGE_LOOP_ANALYSIS = YES;
				CLANG_WARN_STRICT_PROTOTYPES = YES;
				CLANG_WARN_SUSPICIOUS_MOVE = YES;
				CLANG_WARN_UNGUARDED_AVAILABILITY = YES_AGGRESSIVE;
				CLANG_WARN_UNREACHABLE_CODE = YES;
				CLANG_WARN__DUPLICATE_METHOD_MATCH = YES;
				COPY_PHASE_STRIP = NO;
				DEBUG_INFORMATION_FORMAT = dwarf;
				ENABLE_STRICT_OBJC_MSGSEND = YES;
				ENABLE_TESTABILITY = YES;
				ENABLE_USER_SCRIPT_SANDBOXING = YES;
				GCC_C_LANGUAGE_STANDARD = gnu17;
				GCC_DYNAMIC_NO_PIC = NO;
				GCC_NO_COMMON_BLOCKS = YES;
				GCC_OPTIMIZATION_LEVEL = 0;
				GCC_PREPROCESSOR_DEFINITIONS = (
					"DEBUG=1",
					"$(inherited)",
				);
				GCC_WARN_64_TO_32_BIT_CONVERSION = YES;
				GCC_WARN_ABOUT_RETURN_TYPE = YES_ERROR;
				GCC_WARN_UNDECLARED_SELECTOR = YES;
				GCC_WARN_UNINITIALIZED_AUTOS = YES_AGGRESSIVE;
				GCC_WARN_UNUSED_FUNCTION = YES;
				GCC_WARN_UNUSED_VARIABLE = YES;
				IPHONEOS_DEPLOYMENT_TARGET = 17.0;
				LOCALIZATION_PREFERS_STRING_CATALOGS = YES;
				MTL_ENABLE_DEBUG_INFO = INCLUDE_SOURCE;
				MTL_FAST_MATH = YES;
				ONLY_ACTIVE_ARCH = YES;
				SDKROOT = iphoneos;
				SWIFT_ACTIVE_COMPILATION_CONDITIONS = "DEBUG $(inherited)";
				SWIFT_OPTIMIZATION_LEVEL = "-Onone";
			};
			name = Debug;
		};
		054FCBD22B21AD9700A5AA4B /* Release */ = {
			isa = XCBuildConfiguration;
			buildSettings = {
				ALWAYS_SEARCH_USER_PATHS = NO;
				ASSETCATALOG_COMPILER_GENERATE_SWIFT_ASSET_SYMBOL_EXTENSIONS = YES;
				CLANG_ANALYZER_NONNULL = YES;
				CLANG_ANALYZER_NUMBER_OBJECT_CONVERSION = YES_AGGRESSIVE;
				CLANG_CXX_LANGUAGE_STANDARD = "gnu++20";
				CLANG_ENABLE_MODULES = YES;
				CLANG_ENABLE_OBJC_ARC = YES;
				CLANG_ENABLE_OBJC_WEAK = YES;
				CLANG_WARN_BLOCK_CAPTURE_AUTORELEASING = YES;
				CLANG_WARN_BOOL_CONVERSION = YES;
				CLANG_WARN_COMMA = YES;
				CLANG_WARN_CONSTANT_CONVERSION = YES;
				CLANG_WARN_DEPRECATED_OBJC_IMPLEMENTATIONS = YES;
				CLANG_WARN_DIRECT_OBJC_ISA_USAGE = YES_ERROR;
				CLANG_WARN_DOCUMENTATION_COMMENTS = YES;
				CLANG_WARN_EMPTY_BODY = YES;
				CLANG_WARN_ENUM_CONVERSION = YES;
				CLANG_WARN_INFINITE_RECURSION = YES;
				CLANG_WARN_INT_CONVERSION = YES;
				CLANG_WARN_NON_LITERAL_NULL_CONVERSION = YES;
				CLANG_WARN_OBJC_IMPLICIT_RETAIN_SELF = YES;
				CLANG_WARN_OBJC_LITERAL_CONVERSION = YES;
				CLANG_WARN_OBJC_ROOT_CLASS = YES_ERROR;
				CLANG_WARN_QUOTED_INCLUDE_IN_FRAMEWORK_HEADER = YES;
				CLANG_WARN_RANGE_LOOP_ANALYSIS = YES;
				CLANG_WARN_STRICT_PROTOTYPES = YES;
				CLANG_WARN_SUSPICIOUS_MOVE = YES;
				CLANG_WARN_UNGUARDED_AVAILABILITY = YES_AGGRESSIVE;
				CLANG_WARN_UNREACHABLE_CODE = YES;
				CLANG_WARN__DUPLICATE_METHOD_MATCH = YES;
				COPY_PHASE_STRIP = NO;
				DEBUG_INFORMATION_FORMAT = "dwarf-with-dsym";
				ENABLE_NS_ASSERTIONS = NO;
				ENABLE_STRICT_OBJC_MSGSEND = YES;
				ENABLE_USER_SCRIPT_SANDBOXING = YES;
				GCC_C_LANGUAGE_STANDARD = gnu17;
				GCC_NO_COMMON_BLOCKS = YES;
				GCC_WARN_64_TO_32_BIT_CONVERSION = YES;
				GCC_WARN_ABOUT_RETURN_TYPE = YES_ERROR;
				GCC_WARN_UNDECLARED_SELECTOR = YES;
				GCC_WARN_UNINITIALIZED_AUTOS = YES_AGGRESSIVE;
				GCC_WARN_UNUSED_FUNCTION = YES;
				GCC_WARN_UNUSED_VARIABLE = YES;
				IPHONEOS_DEPLOYMENT_TARGET = 17.0;
				LOCALIZATION_PREFERS_STRING_CATALOGS = YES;
				MTL_ENABLE_DEBUG_INFO = NO;
				MTL_FAST_MATH = YES;
				SDKROOT = iphoneos;
				SWIFT_COMPILATION_MODE = wholemodule;
				VALIDATE_PRODUCT = YES;
			};
			name = Release;
		};
		054FCBD42B21AD9700A5AA4B /* Debug */ = {
			isa = XCBuildConfiguration;
			buildSettings = {
				ASSETCATALOG_COMPILER_APPICON_NAME = AppIcon;
				ASSETCATALOG_COMPILER_GLOBAL_ACCENT_COLOR_NAME = AccentColor;
				CODE_SIGN_STYLE = Automatic;
				CURRENT_PROJECT_VERSION = 1;
				DEVELOPMENT_ASSET_PATHS = "\"Eristic/Preview Content\"";
				DEVELOPMENT_TEAM = 4ZC85J53SW;
				ENABLE_PREVIEWS = YES;
				GENERATE_INFOPLIST_FILE = YES;
				INFOPLIST_KEY_UIApplicationSceneManifest_Generation = YES;
				INFOPLIST_KEY_UIApplicationSupportsIndirectInputEvents = YES;
				INFOPLIST_KEY_UILaunchScreen_Generation = YES;
				INFOPLIST_KEY_UISupportedInterfaceOrientations_iPad = "UIInterfaceOrientationPortrait UIInterfaceOrientationPortraitUpsideDown UIInterfaceOrientationLandscapeLeft UIInterfaceOrientationLandscapeRight";
				INFOPLIST_KEY_UISupportedInterfaceOrientations_iPhone = "UIInterfaceOrientationPortrait UIInterfaceOrientationLandscapeLeft UIInterfaceOrientationLandscapeRight";
				LD_RUNPATH_SEARCH_PATHS = (
					"$(inherited)",
					"@executable_path/Frameworks",
				);
				MARKETING_VERSION = 1.0;
				PRODUCT_BUNDLE_IDENTIFIER = com.fadyeid.Eristic;
				PRODUCT_NAME = "$(TARGET_NAME)";
				SWIFT_EMIT_LOC_STRINGS = YES;
				SWIFT_VERSION = 5.0;
				TARGETED_DEVICE_FAMILY = "1,2";
			};
			name = Debug;
		};
		054FCBD52B21AD9700A5AA4B /* Release */ = {
			isa = XCBuildConfiguration;
			buildSettings = {
				ASSETCATALOG_COMPILER_APPICON_NAME = AppIcon;
				ASSETCATALOG_COMPILER_GLOBAL_ACCENT_COLOR_NAME = AccentColor;
				CODE_SIGN_STYLE = Automatic;
				CURRENT_PROJECT_VERSION = 1;
				DEVELOPMENT_ASSET_PATHS = "\"Eristic/Preview Content\"";
				DEVELOPMENT_TEAM = 4ZC85J53SW;
				ENABLE_PREVIEWS = YES;
				GENERATE_INFOPLIST_FILE = YES;
				INFOPLIST_KEY_UIApplicationSceneManifest_Generation = YES;
				INFOPLIST_KEY_UIApplicationSupportsIndirectInputEvents = YES;
				INFOPLIST_KEY_UILaunchScreen_Generation = YES;
				INFOPLIST_KEY_UISupportedInterfaceOrientations_iPad = "UIInterfaceOrientationPortrait UIInterfaceOrientationPortraitUpsideDown UIInterfaceOrientationLandscapeLeft UIInterfaceOrientationLandscapeRight";
				INFOPLIST_KEY_UISupportedInterfaceOrientations_iPhone = "UIInterfaceOrientationPortrait UIInterfaceOrientationLandscapeLeft UIInterfaceOrientationLandscapeRight";
				LD_RUNPATH_SEARCH_PATHS = (
					"$(inherited)",
					"@executable_path/Frameworks",
				);
				MARKETING_VERSION = 1.0;
				PRODUCT_BUNDLE_IDENTIFIER = com.fadyeid.Eristic;
				PRODUCT_NAME = "$(TARGET_NAME)";
				SWIFT_EMIT_LOC_STRINGS = YES;
				SWIFT_VERSION = 5.0;
				TARGETED_DEVICE_FAMILY = "1,2";
			};
			name = Release;
		};
/* End XCBuildConfiguration section */

/* Begin XCConfigurationList section */
		054FCBC02B21AD9600A5AA4B /* Build configuration list for PBXProject "Eristic" */ = {
			isa = XCConfigurationList;
			buildConfigurations = (
				054FCBD12B21AD9700A5AA4B /* Debug */,
				054FCBD22B21AD9700A5AA4B /* Release */,
			);
			defaultConfigurationIsVisible = 0;
			defaultConfigurationName = Release;
		};
		054FCBD32B21AD9700A5AA4B /* Build configuration list for PBXNativeTarget "Eristic" */ = {
			isa = XCConfigurationList;
			buildConfigurations = (
				054FCBD42B21AD9700A5AA4B /* Debug */,
				054FCBD52B21AD9700A5AA4B /* Release */,
			);
			defaultConfigurationIsVisible = 0;
			defaultConfigurationName = Release;
		};
/* End XCConfigurationList section */
	};
	rootObject = 054FCBBD2B21AD9600A5AA4B /* Project object */;
}
